
Microsoft Visual Studio Solution File, Format Version 12.00
# Visual Studio Version 17
VisualStudioVersion = 17.5.002.0
MinimumVisualStudioVersion = 10.0.40219.1
Project("{9A19103F-16F7-4668-BE54-9A1E7A4F7556}") = "examen_gestion_cuenta_bancarias", "examen_gestion_cuenta_bancarias.csproj", "{941607BD-8ABD-4AA9-A8AF-6048DF38FC01}"
EndProject
Global
	GlobalSection(SolutionConfigurationPlatforms) = preSolution
		Debug|Any CPU = Debug|Any CPU
		Release|Any CPU = Release|Any CPU
	EndGlobalSection
	GlobalSection(ProjectConfigurationPlatforms) = postSolution
		{941607BD-8ABD-4AA9-A8AF-6048DF38FC01}.Debug|Any CPU.ActiveCfg = Debug|Any CPU
		{941607BD-8ABD-4AA9-A8AF-6048DF38FC01}.Debug|Any CPU.Build.0 = Debug|Any CPU
		{941607BD-8ABD-4AA9-A8AF-6048DF38FC01}.Release|Any CPU.ActiveCfg = Release|Any CPU
		{941607BD-8ABD-4AA9-A8AF-6048DF38FC01}.Release|Any CPU.Build.0 = Release|Any CPU
	EndGlobalSection
	GlobalSection(SolutionProperties) = preSolution
		HideSolutionNode = FALSE
	EndGlobalSection
	GlobalSection(ExtensibilityGlobals) = postSolution
		SolutionGuid = {E1F524A6-2BFD-44A3-AB08-A32942968B87}
	EndGlobalSection
EndGlobal
